
Microsoft Visual Studio Solution File, Format Version 12.00
# Visual Studio Version 17
VisualStudioVersion = 17.9.34728.123
MinimumVisualStudioVersion = 10.0.40219.1
Project("{FAE04EC0-301F-11D3-BF4B-00C04F79EFBC}") = "notatki", "notatki\notatki.csproj", "{61E1D4B2-E772-41D9-B0B7-F30163C56D2A}"
EndProject
Global
	GlobalSection(SolutionConfigurationPlatforms) = preSolution
		Debug|Any CPU = Debug|Any CPU
		Release|Any CPU = Release|Any CPU
	EndGlobalSection
	GlobalSection(ProjectConfigurationPlatforms) = postSolution
		{61E1D4B2-E772-41D9-B0B7-F30163C56D2A}.Debug|Any CPU.ActiveCfg = Debug|Any CPU
		{61E1D4B2-E772-41D9-B0B7-F30163C56D2A}.Debug|Any CPU.Build.0 = Debug|Any CPU
		{61E1D4B2-E772-41D9-B0B7-F30163C56D2A}.Release|Any CPU.ActiveCfg = Release|Any CPU
		{61E1D4B2-E772-41D9-B0B7-F30163C56D2A}.Release|Any CPU.Build.0 = Release|Any CPU
	EndGlobalSection
	GlobalSection(SolutionProperties) = preSolution
		HideSolutionNode = FALSE
	EndGlobalSection
	GlobalSection(ExtensibilityGlobals) = postSolution
		SolutionGuid = {E89668C9-6E36-4927-882E-218B51B05B8F}
	EndGlobalSection
EndGlobal
