
Microsoft Visual Studio Solution File, Format Version 12.00
# Visual Studio Version 17
VisualStudioVersion = 17.9.34728.123
MinimumVisualStudioVersion = 10.0.40219.1
Project("{FAE04EC0-301F-11D3-BF4B-00C04F79EFBC}") = "desk", "desk\desk.csproj", "{C99030DE-6CE1-4269-964A-204FAE2B4906}"
EndProject
Global
	GlobalSection(SolutionConfigurationPlatforms) = preSolution
		Debug|Any CPU = Debug|Any CPU
		Release|Any CPU = Release|Any CPU
	EndGlobalSection
	GlobalSection(ProjectConfigurationPlatforms) = postSolution
		{C99030DE-6CE1-4269-964A-204FAE2B4906}.Debug|Any CPU.ActiveCfg = Debug|Any CPU
		{C99030DE-6CE1-4269-964A-204FAE2B4906}.Debug|Any CPU.Build.0 = Debug|Any CPU
		{C99030DE-6CE1-4269-964A-204FAE2B4906}.Release|Any CPU.ActiveCfg = Release|Any CPU
		{C99030DE-6CE1-4269-964A-204FAE2B4906}.Release|Any CPU.Build.0 = Release|Any CPU
	EndGlobalSection
	GlobalSection(SolutionProperties) = preSolution
		HideSolutionNode = FALSE
	EndGlobalSection
	GlobalSection(ExtensibilityGlobals) = postSolution
		SolutionGuid = {8122A75F-4506-49A7-876B-30574BF15E06}
	EndGlobalSection
EndGlobal
